
Microsoft Visual Studio Solution File, Format Version 12.00
# Visual Studio Version 16
VisualStudioVersion = 16.0.30803.129
MinimumVisualStudioVersion = 10.0.40219.1
Project("{FAE04EC0-301F-11D3-BF4B-00C04F79EFBC}") = "MyApp.Android", "MyApp\MyApp.Android\MyApp.Android.csproj", "{AAE2B1B2-C69D-43F7-AF40-65ADB3FBA31A}"
EndProject
Project("{FAE04EC0-301F-11D3-BF4B-00C04F79EFBC}") = "MyApp", "MyApp\MyApp\MyApp.csproj", "{483F8802-460E-40D0-A6FF-30B6FB736C9F}"
EndProject
Project("{FAE04EC0-301F-11D3-BF4B-00C04F79EFBC}") = "MyAPI", "MyAPI\MyAPI.csproj", "{72A48933-D5E9-4101-9122-FFB5E8482C7C}"
EndProject
Project("{FAE04EC0-301F-11D3-BF4B-00C04F79EFBC}") = "MyApiClient", "MyApiClient\MyApiClient.csproj", "{418B7FFA-DB7C-4A04-A9C7-C70ECF642328}"
EndProject
Project("{FAE04EC0-301F-11D3-BF4B-00C04F79EFBC}") = "MyContract", "MyContract\MyContract.csproj", "{63AE3483-18A4-42C3-B0F0-0C5015628268}"
EndProject
Project("{FAE04EC0-301F-11D3-BF4B-00C04F79EFBC}") = "ParseOAS", "ParseOAS\ParseOAS.csproj", "{FC71A8C5-CF36-44C7-AC97-B6AE0134E821}"
EndProject
Global
	GlobalSection(SolutionConfigurationPlatforms) = preSolution
		Debug|Any CPU = Debug|Any CPU
		Release|Any CPU = Release|Any CPU
	EndGlobalSection
	GlobalSection(ProjectConfigurationPlatforms) = postSolution
		{AAE2B1B2-C69D-43F7-AF40-65ADB3FBA31A}.Debug|Any CPU.ActiveCfg = Debug|Any CPU
		{AAE2B1B2-C69D-43F7-AF40-65ADB3FBA31A}.Debug|Any CPU.Build.0 = Debug|Any CPU
		{AAE2B1B2-C69D-43F7-AF40-65ADB3FBA31A}.Debug|Any CPU.Deploy.0 = Debug|Any CPU
		{AAE2B1B2-C69D-43F7-AF40-65ADB3FBA31A}.Release|Any CPU.ActiveCfg = Release|Any CPU
		{AAE2B1B2-C69D-43F7-AF40-65ADB3FBA31A}.Release|Any CPU.Build.0 = Release|Any CPU
		{AAE2B1B2-C69D-43F7-AF40-65ADB3FBA31A}.Release|Any CPU.Deploy.0 = Release|Any CPU
		{483F8802-460E-40D0-A6FF-30B6FB736C9F}.Debug|Any CPU.ActiveCfg = Debug|Any CPU
		{483F8802-460E-40D0-A6FF-30B6FB736C9F}.Debug|Any CPU.Build.0 = Debug|Any CPU
		{483F8802-460E-40D0-A6FF-30B6FB736C9F}.Debug|Any CPU.Deploy.0 = Debug|Any CPU
		{483F8802-460E-40D0-A6FF-30B6FB736C9F}.Release|Any CPU.ActiveCfg = Release|Any CPU
		{483F8802-460E-40D0-A6FF-30B6FB736C9F}.Release|Any CPU.Build.0 = Release|Any CPU
		{483F8802-460E-40D0-A6FF-30B6FB736C9F}.Release|Any CPU.Deploy.0 = Release|Any CPU
		{72A48933-D5E9-4101-9122-FFB5E8482C7C}.Debug|Any CPU.ActiveCfg = Debug|Any CPU
		{72A48933-D5E9-4101-9122-FFB5E8482C7C}.Debug|Any CPU.Build.0 = Debug|Any CPU
		{72A48933-D5E9-4101-9122-FFB5E8482C7C}.Release|Any CPU.ActiveCfg = Release|Any CPU
		{72A48933-D5E9-4101-9122-FFB5E8482C7C}.Release|Any CPU.Build.0 = Release|Any CPU
		{418B7FFA-DB7C-4A04-A9C7-C70ECF642328}.Debug|Any CPU.ActiveCfg = Debug|Any CPU
		{418B7FFA-DB7C-4A04-A9C7-C70ECF642328}.Debug|Any CPU.Build.0 = Debug|Any CPU
		{418B7FFA-DB7C-4A04-A9C7-C70ECF642328}.Release|Any CPU.ActiveCfg = Release|Any CPU
		{418B7FFA-DB7C-4A04-A9C7-C70ECF642328}.Release|Any CPU.Build.0 = Release|Any CPU
		{63AE3483-18A4-42C3-B0F0-0C5015628268}.Debug|Any CPU.ActiveCfg = Debug|Any CPU
		{63AE3483-18A4-42C3-B0F0-0C5015628268}.Debug|Any CPU.Build.0 = Debug|Any CPU
		{63AE3483-18A4-42C3-B0F0-0C5015628268}.Release|Any CPU.ActiveCfg = Release|Any CPU
		{63AE3483-18A4-42C3-B0F0-0C5015628268}.Release|Any CPU.Build.0 = Release|Any CPU
		{FC71A8C5-CF36-44C7-AC97-B6AE0134E821}.Debug|Any CPU.ActiveCfg = Debug|Any CPU
		{FC71A8C5-CF36-44C7-AC97-B6AE0134E821}.Debug|Any CPU.Build.0 = Debug|Any CPU
		{FC71A8C5-CF36-44C7-AC97-B6AE0134E821}.Release|Any CPU.ActiveCfg = Release|Any CPU
		{FC71A8C5-CF36-44C7-AC97-B6AE0134E821}.Release|Any CPU.Build.0 = Release|Any CPU
	EndGlobalSection
	GlobalSection(SolutionProperties) = preSolution
		HideSolutionNode = FALSE
	EndGlobalSection
	GlobalSection(ExtensibilityGlobals) = postSolution
		SolutionGuid = {3347DB6C-C3E4-4033-8084-33376531C263}
	EndGlobalSection
EndGlobal
